
Microsoft Visual Studio Solution File, Format Version 12.00
# Visual Studio Version 17
VisualStudioVersion = 17.4.33205.214
MinimumVisualStudioVersion = 10.0.40219.1
Project("{8BC9CEB8-8B4A-11D0-8D11-00A0C91BC942}") = "AsmReader", "AsmReader\AsmReader.vcxproj", "{7039D364-3123-4B99-A8D2-797D117EA634}"
EndProject
Project("{8BC9CEB8-8B4A-11D0-8D11-00A0C91BC942}") = "FileEquality", "FileEquality\FileEquality.vcxproj", "{0143B62A-C72F-4EB5-AAF6-D1A7BEACA6B5}"
EndProject
Project("{8BC9CEB8-8B4A-11D0-8D11-00A0C91BC942}") = "GenerateHaversineInput", "GenerateHaversineInput\GenerateHaversineInput.vcxproj", "{9179BCCC-EE48-4257-87E9-0421B487B3A0}"
EndProject
Project("{8BC9CEB8-8B4A-11D0-8D11-00A0C91BC942}") = "Haversine", "Haversine\Haversine.vcxproj", "{9DD1E853-E49C-4ABE-A232-374FC30EDBE4}"
EndProject
Project("{8BC9CEB8-8B4A-11D0-8D11-00A0C91BC942}") = "ApproximateCPUTimerFreq", "ApproximateCPUTimerFreq\ApproximateCPUTimerFreq.vcxproj", "{0B5EDED7-2261-4292-BB18-C09EE9D73344}"
EndProject
Project("{8BC9CEB8-8B4A-11D0-8D11-00A0C91BC942}") = "Profiler", "Profiler\Profiler.vcxitems", "{1479E6A1-D5E7-4217-99B7-CB0FD479E829}"
EndProject
Project("{8BC9CEB8-8B4A-11D0-8D11-00A0C91BC942}") = "PageFaultTest", "PageFaultTest\PageFaultTest.vcxproj", "{8520A782-2BC0-4505-9B31-7274B2548C04}"
EndProject
Project("{8BC9CEB8-8B4A-11D0-8D11-00A0C91BC942}") = "LoopExampleApp", "LoopExampleApp\LoopExampleApp.vcxproj", "{8CF46B10-B897-47BA-A7A8-EA221FF9A720}"
EndProject
Global
	GlobalSection(SolutionConfigurationPlatforms) = preSolution
		Debug|x64 = Debug|x64
		Debug|x86 = Debug|x86
		Release|x64 = Release|x64
		Release|x86 = Release|x86
	EndGlobalSection
	GlobalSection(ProjectConfigurationPlatforms) = postSolution
		{7039D364-3123-4B99-A8D2-797D117EA634}.Debug|x64.ActiveCfg = Debug|x64
		{7039D364-3123-4B99-A8D2-797D117EA634}.Debug|x64.Build.0 = Debug|x64
		{7039D364-3123-4B99-A8D2-797D117EA634}.Debug|x86.ActiveCfg = Debug|Win32
		{7039D364-3123-4B99-A8D2-797D117EA634}.Debug|x86.Build.0 = Debug|Win32
		{7039D364-3123-4B99-A8D2-797D117EA634}.Release|x64.ActiveCfg = Release|x64
		{7039D364-3123-4B99-A8D2-797D117EA634}.Release|x64.Build.0 = Release|x64
		{7039D364-3123-4B99-A8D2-797D117EA634}.Release|x86.ActiveCfg = Release|Win32
		{7039D364-3123-4B99-A8D2-797D117EA634}.Release|x86.Build.0 = Release|Win32
		{0143B62A-C72F-4EB5-AAF6-D1A7BEACA6B5}.Debug|x64.ActiveCfg = Debug|x64
		{0143B62A-C72F-4EB5-AAF6-D1A7BEACA6B5}.Debug|x64.Build.0 = Debug|x64
		{0143B62A-C72F-4EB5-AAF6-D1A7BEACA6B5}.Debug|x86.ActiveCfg = Debug|Win32
		{0143B62A-C72F-4EB5-AAF6-D1A7BEACA6B5}.Debug|x86.Build.0 = Debug|Win32
		{0143B62A-C72F-4EB5-AAF6-D1A7BEACA6B5}.Release|x64.ActiveCfg = Release|x64
		{0143B62A-C72F-4EB5-AAF6-D1A7BEACA6B5}.Release|x64.Build.0 = Release|x64
		{0143B62A-C72F-4EB5-AAF6-D1A7BEACA6B5}.Release|x86.ActiveCfg = Release|Win32
		{0143B62A-C72F-4EB5-AAF6-D1A7BEACA6B5}.Release|x86.Build.0 = Release|Win32
		{9179BCCC-EE48-4257-87E9-0421B487B3A0}.Debug|x64.ActiveCfg = Debug|x64
		{9179BCCC-EE48-4257-87E9-0421B487B3A0}.Debug|x64.Build.0 = Debug|x64
		{9179BCCC-EE48-4257-87E9-0421B487B3A0}.Debug|x86.ActiveCfg = Debug|Win32
		{9179BCCC-EE48-4257-87E9-0421B487B3A0}.Debug|x86.Build.0 = Debug|Win32
		{9179BCCC-EE48-4257-87E9-0421B487B3A0}.Release|x64.ActiveCfg = Release|x64
		{9179BCCC-EE48-4257-87E9-0421B487B3A0}.Release|x64.Build.0 = Release|x64
		{9179BCCC-EE48-4257-87E9-0421B487B3A0}.Release|x86.ActiveCfg = Release|Win32
		{9179BCCC-EE48-4257-87E9-0421B487B3A0}.Release|x86.Build.0 = Release|Win32
		{9DD1E853-E49C-4ABE-A232-374FC30EDBE4}.Debug|x64.ActiveCfg = Debug|x64
		{9DD1E853-E49C-4ABE-A232-374FC30EDBE4}.Debug|x64.Build.0 = Debug|x64
		{9DD1E853-E49C-4ABE-A232-374FC30EDBE4}.Debug|x86.ActiveCfg = Debug|Win32
		{9DD1E853-E49C-4ABE-A232-374FC30EDBE4}.Debug|x86.Build.0 = Debug|Win32
		{9DD1E853-E49C-4ABE-A232-374FC30EDBE4}.Release|x64.ActiveCfg = Release|x64
		{9DD1E853-E49C-4ABE-A232-374FC30EDBE4}.Release|x64.Build.0 = Release|x64
		{9DD1E853-E49C-4ABE-A232-374FC30EDBE4}.Release|x86.ActiveCfg = Release|Win32
		{9DD1E853-E49C-4ABE-A232-374FC30EDBE4}.Release|x86.Build.0 = Release|Win32
		{0B5EDED7-2261-4292-BB18-C09EE9D73344}.Debug|x64.ActiveCfg = Debug|x64
		{0B5EDED7-2261-4292-BB18-C09EE9D73344}.Debug|x64.Build.0 = Debug|x64
		{0B5EDED7-2261-4292-BB18-C09EE9D73344}.Debug|x86.ActiveCfg = Debug|Win32
		{0B5EDED7-2261-4292-BB18-C09EE9D73344}.Debug|x86.Build.0 = Debug|Win32
		{0B5EDED7-2261-4292-BB18-C09EE9D73344}.Release|x64.ActiveCfg = Release|x64
		{0B5EDED7-2261-4292-BB18-C09EE9D73344}.Release|x64.Build.0 = Release|x64
		{0B5EDED7-2261-4292-BB18-C09EE9D73344}.Release|x86.ActiveCfg = Release|Win32
		{0B5EDED7-2261-4292-BB18-C09EE9D73344}.Release|x86.Build.0 = Release|Win32
		{8520A782-2BC0-4505-9B31-7274B2548C04}.Debug|x64.ActiveCfg = Debug|x64
		{8520A782-2BC0-4505-9B31-7274B2548C04}.Debug|x64.Build.0 = Debug|x64
		{8520A782-2BC0-4505-9B31-7274B2548C04}.Debug|x86.ActiveCfg = Debug|Win32
		{8520A782-2BC0-4505-9B31-7274B2548C04}.Debug|x86.Build.0 = Debug|Win32
		{8520A782-2BC0-4505-9B31-7274B2548C04}.Release|x64.ActiveCfg = Release|x64
		{8520A782-2BC0-4505-9B31-7274B2548C04}.Release|x64.Build.0 = Release|x64
		{8520A782-2BC0-4505-9B31-7274B2548C04}.Release|x86.ActiveCfg = Release|Win32
		{8520A782-2BC0-4505-9B31-7274B2548C04}.Release|x86.Build.0 = Release|Win32
		{8CF46B10-B897-47BA-A7A8-EA221FF9A720}.Debug|x64.ActiveCfg = Debug|x64
		{8CF46B10-B897-47BA-A7A8-EA221FF9A720}.Debug|x64.Build.0 = Debug|x64
		{8CF46B10-B897-47BA-A7A8-EA221FF9A720}.Debug|x86.ActiveCfg = Debug|Win32
		{8CF46B10-B897-47BA-A7A8-EA221FF9A720}.Debug|x86.Build.0 = Debug|Win32
		{8CF46B10-B897-47BA-A7A8-EA221FF9A720}.Release|x64.ActiveCfg = Release|x64
		{8CF46B10-B897-47BA-A7A8-EA221FF9A720}.Release|x64.Build.0 = Release|x64
		{8CF46B10-B897-47BA-A7A8-EA221FF9A720}.Release|x86.ActiveCfg = Release|Win32
		{8CF46B10-B897-47BA-A7A8-EA221FF9A720}.Release|x86.Build.0 = Release|Win32
	EndGlobalSection
	GlobalSection(SolutionProperties) = preSolution
		HideSolutionNode = FALSE
	EndGlobalSection
	GlobalSection(ExtensibilityGlobals) = postSolution
		SolutionGuid = {5023AD00-B1A7-4117-B3EE-F26AB6F6550B}
	EndGlobalSection
EndGlobal
